// !$*UTF8*$!
{
	archiveVersion = 1;
	classes = {
	};
	objectVersion = 46;
	objects = {

/* Begin PBXBuildFile section */
		EA2A16F31B98792200F5FF08 /* AppDelegate.swift in Sources */ = {isa = PBXBuildFile; fileRef = EA2A16F21B98792200F5FF08 /* AppDelegate.swift */; };
		EA2A16F51B98792200F5FF08 /* ViewController.swift in Sources */ = {isa = PBXBuildFile; fileRef = EA2A16F41B98792200F5FF08 /* ViewController.swift */; };
		EA2A16F81B98792200F5FF08 /* Main.storyboard in Resources */ = {isa = PBXBuildFile; fileRef = EA2A16F61B98792200F5FF08 /* Main.storyboard */; };
		EA2A16FA1B98792200F5FF08 /* Assets.xcassets in Resources */ = {isa = PBXBuildFile; fileRef = EA2A16F91B98792200F5FF08 /* Assets.xcassets */; };
		EA2A16FD1B98792200F5FF08 /* LaunchScreen.storyboard in Resources */ = {isa = PBXBuildFile; fileRef = EA2A16FB1B98792200F5FF08 /* LaunchScreen.storyboard */; };
		EA2A17081B98792200F5FF08 /* StringCalculatorTests.swift in Sources */ = {isa = PBXBuildFile; fileRef = EA2A17071B98792200F5FF08 /* StringCalculatorTests.swift */; };
		EA2A17131B98792200F5FF08 /* StringCalculatorUITests.swift in Sources */ = {isa = PBXBuildFile; fileRef = EA2A17121B98792200F5FF08 /* StringCalculatorUITests.swift */; };
/* End PBXBuildFile section */

/* Begin PBXContainerItemProxy section */
		EA2A17041B98792200F5FF08 /* PBXContainerItemProxy */ = {
			isa = PBXContainerItemProxy;
			containerPortal = EA2A16E71B98792200F5FF08 /* Project object */;
			proxyType = 1;
			remoteGlobalIDString = EA2A16EE1B98792200F5FF08;
			remoteInfo = StringCalculator;
		};
		EA2A170F1B98792200F5FF08 /* PBXContainerItemProxy */ = {
			isa = PBXContainerItemProxy;
			containerPortal = EA2A16E71B98792200F5FF08 /* Project object */;
			proxyType = 1;
			remoteGlobalIDString = EA2A16EE1B98792200F5FF08;
			remoteInfo = StringCalculator;
		};
/* End PBXContainerItemProxy section */

/* Begin PBXFileReference section */
		EA2A16EF1B98792200F5FF08 /* StringCalculator.app */ = {isa = PBXFileReference; explicitFileType = wrapper.application; includeInIndex = 0; path = StringCalculator.app; sourceTree = BUILT_PRODUCTS_DIR; };
		EA2A16F21B98792200F5FF08 /* AppDelegate.swift */ = {isa = PBXFileReference; lastKnownFileType = sourcecode.swift; path = AppDelegate.swift; sourceTree = "<group>"; };
		EA2A16F41B98792200F5FF08 /* ViewController.swift */ = {isa = PBXFileReference; lastKnownFileType = sourcecode.swift; path = ViewController.swift; sourceTree = "<group>"; };
		EA2A16F71B98792200F5FF08 /* Base */ = {isa = PBXFileReference; lastKnownFileType = file.storyboard; name = Base; path = Base.lproj/Main.storyboard; sourceTree = "<group>"; };
		EA2A16F91B98792200F5FF08 /* Assets.xcassets */ = {isa = PBXFileReference; lastKnownFileType = folder.assetcatalog; path = Assets.xcassets; sourceTree = "<group>"; };
		EA2A16FC1B98792200F5FF08 /* Base */ = {isa = PBXFileReference; lastKnownFileType = file.storyboard; name = Base; path = Base.lproj/LaunchScreen.storyboard; sourceTree = "<group>"; };
		EA2A16FE1B98792200F5FF08 /* Info.plist */ = {isa = PBXFileReference; lastKnownFileType = text.plist.xml; path = Info.plist; sourceTree = "<group>"; };
		EA2A17031B98792200F5FF08 /* StringCalculatorTests.xctest */ = {isa = PBXFileReference; explicitFileType = wrapper.cfbundle; includeInIndex = 0; path = StringCalculatorTests.xctest; sourceTree = BUILT_PRODUCTS_DIR; };
		EA2A17071B98792200F5FF08 /* StringCalculatorTests.swift */ = {isa = PBXFileReference; lastKnownFileType = sourcecode.swift; path = StringCalculatorTests.swift; sourceTree = "<group>"; };
		EA2A17091B98792200F5FF08 /* Info.plist */ = {isa = PBXFileReference; lastKnownFileType = text.plist.xml; path = Info.plist; sourceTree = "<group>"; };
		EA2A170E1B98792200F5FF08 /* StringCalculatorUITests.xctest */ = {isa = PBXFileReference; explicitFileType = wrapper.cfbundle; includeInIndex = 0; path = StringCalculatorUITests.xctest; sourceTree = BUILT_PRODUCTS_DIR; };
		EA2A17121B98792200F5FF08 /* StringCalculatorUITests.swift */ = {isa = PBXFileReference; lastKnownFileType = sourcecode.swift; path = StringCalculatorUITests.swift; sourceTree = "<group>"; };
		EA2A17141B98792200F5FF08 /* Info.plist */ = {isa = PBXFileReference; lastKnownFileType = text.plist.xml; path = Info.plist; sourceTree = "<group>"; };
/* End PBXFileReference section */

/* Begin PBXFrameworksBuildPhase section */
		EA2A16EC1B98792200F5FF08 /* Frameworks */ = {
			isa = PBXFrameworksBuildPhase;
			buildActionMask = 2147483647;
			files = (
			);
			runOnlyForDeploymentPostprocessing = 0;
		};
		EA2A17001B98792200F5FF08 /* Frameworks */ = {
			isa = PBXFrameworksBuildPhase;
			buildActionMask = 2147483647;
			files = (
			);
			runOnlyForDeploymentPostprocessing = 0;
		};
		EA2A170B1B98792200F5FF08 /* Frameworks */ = {
			isa = PBXFrameworksBuildPhase;
			buildActionMask = 2147483647;
			files = (
			);
			runOnlyForDeploymentPostprocessing = 0;
		};
/* End PBXFrameworksBuildPhase section */

/* Begin PBXGroup section */
		EA2A16E61B98792200F5FF08 = {
			isa = PBXGroup;
			children = (
				EA2A16F11B98792200F5FF08 /* StringCalculator */,
				EA2A17061B98792200F5FF08 /* StringCalculatorTests */,
				EA2A17111B98792200F5FF08 /* StringCalculatorUITests */,
				EA2A16F01B98792200F5FF08 /* Products */,
			);
			sourceTree = "<group>";
		};
		EA2A16F01B98792200F5FF08 /* Products */ = {
			isa = PBXGroup;
			children = (
				EA2A16EF1B98792200F5FF08 /* StringCalculator.app */,
				EA2A17031B98792200F5FF08 /* StringCalculatorTests.xctest */,
				EA2A170E1B98792200F5FF08 /* StringCalculatorUITests.xctest */,
			);
			name = Products;
			sourceTree = "<group>";
		};
		EA2A16F11B98792200F5FF08 /* StringCalculator */ = {
			isa = PBXGroup;
			children = (
				EA2A16F21B98792200F5FF08 /* AppDelegate.swift */,
				EA2A16F41B98792200F5FF08 /* ViewController.swift */,
				EA2A16F61B98792200F5FF08 /* Main.storyboard */,
				EA2A16F91B98792200F5FF08 /* Assets.xcassets */,
				EA2A16FB1B98792200F5FF08 /* LaunchScreen.storyboard */,
				EA2A16FE1B98792200F5FF08 /* Info.plist */,
			);
			path = StringCalculator;
			sourceTree = "<group>";
		};
		EA2A17061B98792200F5FF08 /* StringCalculatorTests */ = {
			isa = PBXGroup;
			children = (
				EA2A17071B98792200F5FF08 /* StringCalculatorTests.swift */,
				EA2A17091B98792200F5FF08 /* Info.plist */,
			);
			path = StringCalculatorTests;
			sourceTree = "<group>";
		};
		EA2A17111B98792200F5FF08 /* StringCalculatorUITests */ = {
			isa = PBXGroup;
			children = (
				EA2A17121B98792200F5FF08 /* StringCalculatorUITests.swift */,
				EA2A17141B98792200F5FF08 /* Info.plist */,
			);
			path = StringCalculatorUITests;
			sourceTree = "<group>";
		};
/* End PBXGroup section */

/* Begin PBXNativeTarget section */
		EA2A16EE1B98792200F5FF08 /* StringCalculator */ = {
			isa = PBXNativeTarget;
			buildConfigurationList = EA2A17171B98792200F5FF08 /* Build configuration list for PBXNativeTarget "StringCalculator" */;
			buildPhases = (
				EA2A16EB1B98792200F5FF08 /* Sources */,
				EA2A16EC1B98792200F5FF08 /* Frameworks */,
				EA2A16ED1B98792200F5FF08 /* Resources */,
			);
			buildRules = (
			);
			dependencies = (
			);
			name = StringCalculator;
			productName = StringCalculator;
			productReference = EA2A16EF1B98792200F5FF08 /* StringCalculator.app */;
			productType = "com.apple.product-type.application";
		};
		EA2A17021B98792200F5FF08 /* StringCalculatorTests */ = {
			isa = PBXNativeTarget;
			buildConfigurationList = EA2A171A1B98792200F5FF08 /* Build configuration list for PBXNativeTarget "StringCalculatorTests" */;
			buildPhases = (
				EA2A16FF1B98792200F5FF08 /* Sources */,
				EA2A17001B98792200F5FF08 /* Frameworks */,
				EA2A17011B98792200F5FF08 /* Resources */,
			);
			buildRules = (
			);
			dependencies = (
				EA2A17051B98792200F5FF08 /* PBXTargetDependency */,
			);
			name = StringCalculatorTests;
			productName = StringCalculatorTests;
			productReference = EA2A17031B98792200F5FF08 /* StringCalculatorTests.xctest */;
			productType = "com.apple.product-type.bundle.unit-test";
		};
		EA2A170D1B98792200F5FF08 /* StringCalculatorUITests */ = {
			isa = PBXNativeTarget;
			buildConfigurationList = EA2A171D1B98792200F5FF08 /* Build configuration list for PBXNativeTarget "StringCalculatorUITests" */;
			buildPhases = (
				EA2A170A1B98792200F5FF08 /* Sources */,
				EA2A170B1B98792200F5FF08 /* Frameworks */,
				EA2A170C1B98792200F5FF08 /* Resources */,
			);
			buildRules = (
			);
			dependencies = (
				EA2A17101B98792200F5FF08 /* PBXTargetDependency */,
			);
			name = StringCalculatorUITests;
			productName = StringCalculatorUITests;
			productReference = EA2A170E1B98792200F5FF08 /* StringCalculatorUITests.xctest */;
			productType = "com.apple.product-type.bundle.ui-testing";
		};
/* End PBXNativeTarget section */

/* Begin PBXProject section */
		EA2A16E71B98792200F5FF08 /* Project object */ = {
			isa = PBXProject;
			attributes = {
				LastUpgradeCheck = 0700;
				ORGANIZATIONNAME = XPeppers;
				TargetAttributes = {
					EA2A16EE1B98792200F5FF08 = {
						CreatedOnToolsVersion = 7.0;
					};
					EA2A17021B98792200F5FF08 = {
						CreatedOnToolsVersion = 7.0;
						TestTargetID = EA2A16EE1B98792200F5FF08;
					};
					EA2A170D1B98792200F5FF08 = {
						CreatedOnToolsVersion = 7.0;
						TestTargetID = EA2A16EE1B98792200F5FF08;
					};
				};
			};
			buildConfigurationList = EA2A16EA1B98792200F5FF08 /* Build configuration list for PBXProject "StringCalculator" */;
			compatibilityVersion = "Xcode 3.2";
			developmentRegion = English;
			hasScannedForEncodings = 0;
			knownRegions = (
				en,
				Base,
			);
			mainGroup = EA2A16E61B98792200F5FF08;
			productRefGroup = EA2A16F01B98792200F5FF08 /* Products */;
			projectDirPath = "";
			projectRoot = "";
			targets = (
				EA2A16EE1B98792200F5FF08 /* StringCalculator */,
				EA2A17021B98792200F5FF08 /* StringCalculatorTests */,
				EA2A170D1B98792200F5FF08 /* StringCalculatorUITests */,
			);
		};
/* End PBXProject section */

/* Begin PBXResourcesBuildPhase section */
		EA2A16ED1B98792200F5FF08 /* Resources */ = {
			isa = PBXResourcesBuildPhase;
			buildActionMask = 2147483647;
			files = (
				EA2A16FD1B98792200F5FF08 /* LaunchScreen.storyboard in Resources */,
				EA2A16FA1B98792200F5FF08 /* Assets.xcassets in Resources */,
				EA2A16F81B98792200F5FF08 /* Main.storyboard in Resources */,
			);
			runOnlyForDeploymentPostprocessing = 0;
		};
		EA2A17011B98792200F5FF08 /* Resources */ = {
			isa = PBXResourcesBuildPhase;
			buildActionMask = 2147483647;
			files = (
			);
			runOnlyForDeploymentPostprocessing = 0;
		};
		EA2A170C1B98792200F5FF08 /* Resources */ = {
			isa = PBXResourcesBuildPhase;
			buildActionMask = 2147483647;
			files = (
			);
			runOnlyForDeploymentPostprocessing = 0;
		};
/* End PBXResourcesBuildPhase section */

/* Begin PBXSourcesBuildPhase section */
		EA2A16EB1B98792200F5FF08 /* Sources */ = {
			isa = PBXSourcesBuildPhase;
			buildActionMask = 2147483647;
			files = (
				EA2A16F51B98792200F5FF08 /* ViewController.swift in Sources */,
				EA2A16F31B98792200F5FF08 /* AppDelegate.swift in Sources */,
			);
			runOnlyForDeploymentPostprocessing = 0;
		};
		EA2A16FF1B98792200F5FF08 /* Sources */ = {
			isa = PBXSourcesBuildPhase;
			buildActionMask = 2147483647;
			files = (
				EA2A17081B98792200F5FF08 /* StringCalculatorTests.swift in Sources */,
			);
			runOnlyForDeploymentPostprocessing = 0;
		};
		EA2A170A1B98792200F5FF08 /* Sources */ = {
			isa = PBXSourcesBuildPhase;
			buildActionMask = 2147483647;
			files = (
				EA2A17131B98792200F5FF08 /* StringCalculatorUITests.swift in Sources */,
			);
			runOnlyForDeploymentPostprocessing = 0;
		};
/* End PBXSourcesBuildPhase section */

/* Begin PBXTargetDependency section */
		EA2A17051B98792200F5FF08 /* PBXTargetDependency */ = {
			isa = PBXTargetDependency;
			target = EA2A16EE1B98792200F5FF08 /* StringCalculator */;
			targetProxy = EA2A17041B98792200F5FF08 /* PBXContainerItemProxy */;
		};
		EA2A17101B98792200F5FF08 /* PBXTargetDependency */ = {
			isa = PBXTargetDependency;
			target = EA2A16EE1B98792200F5FF08 /* StringCalculator */;
			targetProxy = EA2A170F1B98792200F5FF08 /* PBXContainerItemProxy */;
		};
/* End PBXTargetDependency section */

/* Begin PBXVariantGroup section */
		EA2A16F61B98792200F5FF08 /* Main.storyboard */ = {
			isa = PBXVariantGroup;
			children = (
				EA2A16F71B98792200F5FF08 /* Base */,
			);
			name = Main.storyboard;
			sourceTree = "<group>";
		};
		EA2A16FB1B98792200F5FF08 /* LaunchScreen.storyboard */ = {
			isa = PBXVariantGroup;
			children = (
				EA2A16FC1B98792200F5FF08 /* Base */,
			);
			name = LaunchScreen.storyboard;
			sourceTree = "<group>";
		};
/* End PBXVariantGroup section */

/* Begin XCBuildConfiguration section */
		EA2A17151B98792200F5FF08 /* Debug */ = {
			isa = XCBuildConfiguration;
			buildSettings = {
				ALWAYS_SEARCH_USER_PATHS = NO;
				CLANG_CXX_LANGUAGE_STANDARD = "gnu++0x";
				CLANG_CXX_LIBRARY = "libc++";
				CLANG_ENABLE_MODULES = YES;
				CLANG_ENABLE_OBJC_ARC = YES;
				CLANG_WARN_BOOL_CONVERSION = YES;
				CLANG_WARN_CONSTANT_CONVERSION = YES;
				CLANG_WARN_DIRECT_OBJC_ISA_USAGE = YES_ERROR;
				CLANG_WARN_EMPTY_BODY = YES;
				CLANG_WARN_ENUM_CONVERSION = YES;
				CLANG_WARN_INT_CONVERSION = YES;
				CLANG_WARN_OBJC_ROOT_CLASS = YES_ERROR;
				CLANG_WARN_UNREACHABLE_CODE = YES;
				CLANG_WARN__DUPLICATE_METHOD_MATCH = YES;
				"CODE_SIGN_IDENTITY[sdk=iphoneos*]" = "iPhone Developer";
				COPY_PHASE_STRIP = NO;
				DEBUG_INFORMATION_FORMAT = dwarf;
				ENABLE_STRICT_OBJC_MSGSEND = YES;
				ENABLE_TESTABILITY = YES;
				GCC_C_LANGUAGE_STANDARD = gnu99;
				GCC_DYNAMIC_NO_PIC = NO;
				GCC_NO_COMMON_BLOCKS = YES;
				GCC_OPTIMIZATION_LEVEL = 0;
				GCC_PREPROCESSOR_DEFINITIONS = (
					"DEBUG=1",
					"$(inherited)",
				);
				GCC_WARN_64_TO_32_BIT_CONVERSION = YES;
				GCC_WARN_ABOUT_RETURN_TYPE = YES_ERROR;
				GCC_WARN_UNDECLARED_SELECTOR = YES;
				GCC_WARN_UNINITIALIZED_AUTOS = YES_AGGRESSIVE;
				GCC_WARN_UNUSED_FUNCTION = YES;
				GCC_WARN_UNUSED_VARIABLE = YES;
				IPHONEOS_DEPLOYMENT_TARGET = 9.0;
				MTL_ENABLE_DEBUG_INFO = YES;
				ONLY_ACTIVE_ARCH = YES;
				SDKROOT = iphoneos;
				SWIFT_OPTIMIZATION_LEVEL = "-Onone";
				TARGETED_DEVICE_FAMILY = "1,2";
			};
			name = Debug;
		};
		EA2A17161B98792200F5FF08 /* Release */ = {
			isa = XCBuildConfiguration;
			buildSettings = {
				ALWAYS_SEARCH_USER_PATHS = NO;
				CLANG_CXX_LANGUAGE_STANDARD = "gnu++0x";
				CLANG_CXX_LIBRARY = "libc++";
				CLANG_ENABLE_MODULES = YES;
				CLANG_ENABLE_OBJC_ARC = YES;
				CLANG_WARN_BOOL_CONVERSION = YES;
				CLANG_WARN_CONSTANT_CONVERSION = YES;
				CLANG_WARN_DIRECT_OBJC_ISA_USAGE = YES_ERROR;
				CLANG_WARN_EMPTY_BODY = YES;
				CLANG_WARN_ENUM_CONVERSION = YES;
				CLANG_WARN_INT_CONVERSION = YES;
				CLANG_WARN_OBJC_ROOT_CLASS = YES_ERROR;
				CLANG_WARN_UNREACHABLE_CODE = YES;
				CLANG_WARN__DUPLICATE_METHOD_MATCH = YES;
				"CODE_SIGN_IDENTITY[sdk=iphoneos*]" = "iPhone Developer";
				COPY_PHASE_STRIP = NO;
				DEBUG_INFORMATION_FORMAT = "dwarf-with-dsym";
				ENABLE_NS_ASSERTIONS = NO;
				ENABLE_STRICT_OBJC_MSGSEND = YES;
				GCC_C_LANGUAGE_STANDARD = gnu99;
				GCC_NO_COMMON_BLOCKS = YES;
				GCC_WARN_64_TO_32_BIT_CONVERSION = YES;
				GCC_WARN_ABOUT_RETURN_TYPE = YES_ERROR;
				GCC_WARN_UNDECLARED_SELECTOR = YES;
				GCC_WARN_UNINITIALIZED_AUTOS = YES_AGGRESSIVE;
				GCC_WARN_UNUSED_FUNCTION = YES;
				GCC_WARN_UNUSED_VARIABLE = YES;
				IPHONEOS_DEPLOYMENT_TARGET = 9.0;
				MTL_ENABLE_DEBUG_INFO = NO;
				SDKROOT = iphoneos;
				TARGETED_DEVICE_FAMILY = "1,2";
				VALIDATE_PRODUCT = YES;
			};
			name = Release;
		};
		EA2A17181B98792200F5FF08 /* Debug */ = {
			isa = XCBuildConfiguration;
			buildSettings = {
				ASSETCATALOG_COMPILER_APPICON_NAME = AppIcon;
				INFOPLIST_FILE = StringCalculator/Info.plist;
				LD_RUNPATH_SEARCH_PATHS = "$(inherited) @executable_path/Frameworks";
				PRODUCT_BUNDLE_IDENTIFIER = com.xp.StringCalculator;
				PRODUCT_NAME = "$(TARGET_NAME)";
			};
			name = Debug;
		};
		EA2A17191B98792200F5FF08 /* Release */ = {
			isa = XCBuildConfiguration;
			buildSettings = {
				ASSETCATALOG_COMPILER_APPICON_NAME = AppIcon;
				INFOPLIST_FILE = StringCalculator/Info.plist;
				LD_RUNPATH_SEARCH_PATHS = "$(inherited) @executable_path/Frameworks";
				PRODUCT_BUNDLE_IDENTIFIER = com.xp.StringCalculator;
				PRODUCT_NAME = "$(TARGET_NAME)";
			};
			name = Release;
		};
		EA2A171B1B98792200F5FF08 /* Debug */ = {
			isa = XCBuildConfiguration;
			buildSettings = {
				BUNDLE_LOADER = "$(TEST_HOST)";
				INFOPLIST_FILE = StringCalculatorTests/Info.plist;
				LD_RUNPATH_SEARCH_PATHS = "$(inherited) @executable_path/Frameworks @loader_path/Frameworks";
				PRODUCT_BUNDLE_IDENTIFIER = com.xp.StringCalculatorTests;
				PRODUCT_NAME = "$(TARGET_NAME)";
				TEST_HOST = "$(BUILT_PRODUCTS_DIR)/StringCalculator.app/StringCalculator";
			};
			name = Debug;
		};
		EA2A171C1B98792200F5FF08 /* Release */ = {
			isa = XCBuildConfiguration;
			buildSettings = {
				BUNDLE_LOADER = "$(TEST_HOST)";
				INFOPLIST_FILE = StringCalculatorTests/Info.plist;
				LD_RUNPATH_SEARCH_PATHS = "$(inherited) @executable_path/Frameworks @loader_path/Frameworks";
				PRODUCT_BUNDLE_IDENTIFIER = com.xp.StringCalculatorTests;
				PRODUCT_NAME = "$(TARGET_NAME)";
				TEST_HOST = "$(BUILT_PRODUCTS_DIR)/StringCalculator.app/StringCalculator";
			};
			name = Release;
		};
		EA2A171E1B98792200F5FF08 /* Debug */ = {
			isa = XCBuildConfiguration;
			buildSettings = {
				INFOPLIST_FILE = StringCalculatorUITests/Info.plist;
				LD_RUNPATH_SEARCH_PATHS = "$(inherited) @executable_path/Frameworks @loader_path/Frameworks";
				PRODUCT_BUNDLE_IDENTIFIER = com.xp.StringCalculatorUITests;
				PRODUCT_NAME = "$(TARGET_NAME)";
				TEST_TARGET_NAME = StringCalculator;
				USES_XCTRUNNER = YES;
			};
			name = Debug;
		};
		EA2A171F1B98792200F5FF08 /* Release */ = {
			isa = XCBuildConfiguration;
			buildSettings = {
				INFOPLIST_FILE = StringCalculatorUITests/Info.plist;
				LD_RUNPATH_SEARCH_PATHS = "$(inherited) @executable_path/Frameworks @loader_path/Frameworks";
				PRODUCT_BUNDLE_IDENTIFIER = com.xp.StringCalculatorUITests;
				PRODUCT_NAME = "$(TARGET_NAME)";
				TEST_TARGET_NAME = StringCalculator;
				USES_XCTRUNNER = YES;
			};
			name = Release;
		};
/* End XCBuildConfiguration section */

/* Begin XCConfigurationList section */
		EA2A16EA1B98792200F5FF08 /* Build configuration list for PBXProject "StringCalculator" */ = {
			isa = XCConfigurationList;
			buildConfigurations = (
				EA2A17151B98792200F5FF08 /* Debug */,
				EA2A17161B98792200F5FF08 /* Release */,
			);
			defaultConfigurationIsVisible = 0;
			defaultConfigurationName = Release;
		};
		EA2A17171B98792200F5FF08 /* Build configuration list for PBXNativeTarget "StringCalculator" */ = {
			isa = XCConfigurationList;
			buildConfigurations = (
				EA2A17181B98792200F5FF08 /* Debug */,
				EA2A17191B98792200F5FF08 /* Release */,
			);
			defaultConfigurationIsVisible = 0;
		};
		EA2A171A1B98792200F5FF08 /* Build configuration list for PBXNativeTarget "StringCalculatorTests" */ = {
			isa = XCConfigurationList;
			buildConfigurations = (
				EA2A171B1B98792200F5FF08 /* Debug */,
				EA2A171C1B98792200F5FF08 /* Release */,
			);
			defaultConfigurationIsVisible = 0;
		};
		EA2A171D1B98792200F5FF08 /* Build configuration list for PBXNativeTarget "StringCalculatorUITests" */ = {
			isa = XCConfigurationList;
			buildConfigurations = (
				EA2A171E1B98792200F5FF08 /* Debug */,
				EA2A171F1B98792200F5FF08 /* Release */,
			);
			defaultConfigurationIsVisible = 0;
		};
/* End XCConfigurationList section */
	};
	rootObject = EA2A16E71B98792200F5FF08 /* Project object */;
}
